// !$*UTF8*$!
{
	archiveVersion = 1;
	classes = {
	};
	objectVersion = 55;
	objects = {

/* Begin PBXBuildFile section */
		C79840092886452A005228CA /* AppDelegate.swift in Sources */ = {isa = PBXBuildFile; fileRef = C79840082886452A005228CA /* AppDelegate.swift */; };
		C798400B2886452A005228CA /* SceneDelegate.swift in Sources */ = {isa = PBXBuildFile; fileRef = C798400A2886452A005228CA /* SceneDelegate.swift */; };
		C798400D2886452A005228CA /* ViewController.swift in Sources */ = {isa = PBXBuildFile; fileRef = C798400C2886452A005228CA /* ViewController.swift */; };
		C79840102886452A005228CA /* Main.storyboard in Resources */ = {isa = PBXBuildFile; fileRef = C798400E2886452A005228CA /* Main.storyboard */; };
		C79840122886452B005228CA /* Assets.xcassets in Resources */ = {isa = PBXBuildFile; fileRef = C79840112886452B005228CA /* Assets.xcassets */; };
		C79840152886452B005228CA /* LaunchScreen.storyboard in Resources */ = {isa = PBXBuildFile; fileRef = C79840132886452B005228CA /* LaunchScreen.storyboard */; };
		C79840202886452C005228CA /* InstrumentsTests.swift in Sources */ = {isa = PBXBuildFile; fileRef = C798401F2886452C005228CA /* InstrumentsTests.swift */; };
		C798402A2886452C005228CA /* InstrumentsUITests.swift in Sources */ = {isa = PBXBuildFile; fileRef = C79840292886452C005228CA /* InstrumentsUITests.swift */; };
		C798402C2886452C005228CA /* InstrumentsUITestsLaunchTests.swift in Sources */ = {isa = PBXBuildFile; fileRef = C798402B2886452C005228CA /* InstrumentsUITestsLaunchTests.swift */; };
/* End PBXBuildFile section */

/* Begin PBXContainerItemProxy section */
		C798401C2886452C005228CA /* PBXContainerItemProxy */ = {
			isa = PBXContainerItemProxy;
			containerPortal = C7983FFD2886452A005228CA /* Project object */;
			proxyType = 1;
			remoteGlobalIDString = C79840042886452A005228CA;
			remoteInfo = Instruments;
		};
		C79840262886452C005228CA /* PBXContainerItemProxy */ = {
			isa = PBXContainerItemProxy;
			containerPortal = C7983FFD2886452A005228CA /* Project object */;
			proxyType = 1;
			remoteGlobalIDString = C79840042886452A005228CA;
			remoteInfo = Instruments;
		};
/* End PBXContainerItemProxy section */

/* Begin PBXFileReference section */
		C79840052886452A005228CA /* Instruments.app */ = {isa = PBXFileReference; explicitFileType = wrapper.application; includeInIndex = 0; path = Instruments.app; sourceTree = BUILT_PRODUCTS_DIR; };
		C79840082886452A005228CA /* AppDelegate.swift */ = {isa = PBXFileReference; lastKnownFileType = sourcecode.swift; path = AppDelegate.swift; sourceTree = "<group>"; };
		C798400A2886452A005228CA /* SceneDelegate.swift */ = {isa = PBXFileReference; lastKnownFileType = sourcecode.swift; path = SceneDelegate.swift; sourceTree = "<group>"; };
		C798400C2886452A005228CA /* ViewController.swift */ = {isa = PBXFileReference; lastKnownFileType = sourcecode.swift; path = ViewController.swift; sourceTree = "<group>"; };
		C798400F2886452A005228CA /* Base */ = {isa = PBXFileReference; lastKnownFileType = file.storyboard; name = Base; path = Base.lproj/Main.storyboard; sourceTree = "<group>"; };
		C79840112886452B005228CA /* Assets.xcassets */ = {isa = PBXFileReference; lastKnownFileType = folder.assetcatalog; path = Assets.xcassets; sourceTree = "<group>"; };
		C79840142886452B005228CA /* Base */ = {isa = PBXFileReference; lastKnownFileType = file.storyboard; name = Base; path = Base.lproj/LaunchScreen.storyboard; sourceTree = "<group>"; };
		C79840162886452B005228CA /* Info.plist */ = {isa = PBXFileReference; lastKnownFileType = text.plist.xml; path = Info.plist; sourceTree = "<group>"; };
		C798401B2886452C005228CA /* InstrumentsTests.xctest */ = {isa = PBXFileReference; explicitFileType = wrapper.cfbundle; includeInIndex = 0; path = InstrumentsTests.xctest; sourceTree = BUILT_PRODUCTS_DIR; };
		C798401F2886452C005228CA /* InstrumentsTests.swift */ = {isa = PBXFileReference; lastKnownFileType = sourcecode.swift; path = InstrumentsTests.swift; sourceTree = "<group>"; };
		C79840252886452C005228CA /* InstrumentsUITests.xctest */ = {isa = PBXFileReference; explicitFileType = wrapper.cfbundle; includeInIndex = 0; path = InstrumentsUITests.xctest; sourceTree = BUILT_PRODUCTS_DIR; };
		C79840292886452C005228CA /* InstrumentsUITests.swift */ = {isa = PBXFileReference; lastKnownFileType = sourcecode.swift; path = InstrumentsUITests.swift; sourceTree = "<group>"; };
		C798402B2886452C005228CA /* InstrumentsUITestsLaunchTests.swift */ = {isa = PBXFileReference; lastKnownFileType = sourcecode.swift; path = InstrumentsUITestsLaunchTests.swift; sourceTree = "<group>"; };
/* End PBXFileReference section */

/* Begin PBXFrameworksBuildPhase section */
		C79840022886452A005228CA /* Frameworks */ = {
			isa = PBXFrameworksBuildPhase;
			buildActionMask = 2147483647;
			files = (
			);
			runOnlyForDeploymentPostprocessing = 0;
		};
		C79840182886452C005228CA /* Frameworks */ = {
			isa = PBXFrameworksBuildPhase;
			buildActionMask = 2147483647;
			files = (
			);
			runOnlyForDeploymentPostprocessing = 0;
		};
		C79840222886452C005228CA /* Frameworks */ = {
			isa = PBXFrameworksBuildPhase;
			buildActionMask = 2147483647;
			files = (
			);
			runOnlyForDeploymentPostprocessing = 0;
		};
/* End PBXFrameworksBuildPhase section */

/* Begin PBXGroup section */
		C7983FFC2886452A005228CA = {
			isa = PBXGroup;
			children = (
				C79840072886452A005228CA /* Instruments */,
				C798401E2886452C005228CA /* InstrumentsTests */,
				C79840282886452C005228CA /* InstrumentsUITests */,
				C79840062886452A005228CA /* Products */,
			);
			sourceTree = "<group>";
		};
		C79840062886452A005228CA /* Products */ = {
			isa = PBXGroup;
			children = (
				C79840052886452A005228CA /* Instruments.app */,
				C798401B2886452C005228CA /* InstrumentsTests.xctest */,
				C79840252886452C005228CA /* InstrumentsUITests.xctest */,
			);
			name = Products;
			sourceTree = "<group>";
		};
		C79840072886452A005228CA /* Instruments */ = {
			isa = PBXGroup;
			children = (
				C79840082886452A005228CA /* AppDelegate.swift */,
				C798400A2886452A005228CA /* SceneDelegate.swift */,
				C798400C2886452A005228CA /* ViewController.swift */,
				C798400E2886452A005228CA /* Main.storyboard */,
				C79840112886452B005228CA /* Assets.xcassets */,
				C79840132886452B005228CA /* LaunchScreen.storyboard */,
				C79840162886452B005228CA /* Info.plist */,
			);
			path = Instruments;
			sourceTree = "<group>";
		};
		C798401E2886452C005228CA /* InstrumentsTests */ = {
			isa = PBXGroup;
			children = (
				C798401F2886452C005228CA /* InstrumentsTests.swift */,
			);
			path = InstrumentsTests;
			sourceTree = "<group>";
		};
		C79840282886452C005228CA /* InstrumentsUITests */ = {
			isa = PBXGroup;
			children = (
				C79840292886452C005228CA /* InstrumentsUITests.swift */,
				C798402B2886452C005228CA /* InstrumentsUITestsLaunchTests.swift */,
			);
			path = InstrumentsUITests;
			sourceTree = "<group>";
		};
/* End PBXGroup section */

/* Begin PBXNativeTarget section */
		C79840042886452A005228CA /* Instruments */ = {
			isa = PBXNativeTarget;
			buildConfigurationList = C798402F2886452C005228CA /* Build configuration list for PBXNativeTarget "Instruments" */;
			buildPhases = (
				C79840012886452A005228CA /* Sources */,
				C79840022886452A005228CA /* Frameworks */,
				C79840032886452A005228CA /* Resources */,
			);
			buildRules = (
			);
			dependencies = (
			);
			name = Instruments;
			productName = Instruments;
			productReference = C79840052886452A005228CA /* Instruments.app */;
			productType = "com.apple.product-type.application";
		};
		C798401A2886452C005228CA /* InstrumentsTests */ = {
			isa = PBXNativeTarget;
			buildConfigurationList = C79840322886452C005228CA /* Build configuration list for PBXNativeTarget "InstrumentsTests" */;
			buildPhases = (
				C79840172886452C005228CA /* Sources */,
				C79840182886452C005228CA /* Frameworks */,
				C79840192886452C005228CA /* Resources */,
			);
			buildRules = (
			);
			dependencies = (
				C798401D2886452C005228CA /* PBXTargetDependency */,
			);
			name = InstrumentsTests;
			productName = InstrumentsTests;
			productReference = C798401B2886452C005228CA /* InstrumentsTests.xctest */;
			productType = "com.apple.product-type.bundle.unit-test";
		};
		C79840242886452C005228CA /* InstrumentsUITests */ = {
			isa = PBXNativeTarget;
			buildConfigurationList = C79840352886452C005228CA /* Build configuration list for PBXNativeTarget "InstrumentsUITests" */;
			buildPhases = (
				C79840212886452C005228CA /* Sources */,
				C79840222886452C005228CA /* Frameworks */,
				C79840232886452C005228CA /* Resources */,
			);
			buildRules = (
			);
			dependencies = (
				C79840272886452C005228CA /* PBXTargetDependency */,
			);
			name = InstrumentsUITests;
			productName = InstrumentsUITests;
			productReference = C79840252886452C005228CA /* InstrumentsUITests.xctest */;
			productType = "com.apple.product-type.bundle.ui-testing";
		};
/* End PBXNativeTarget section */

/* Begin PBXProject section */
		C7983FFD2886452A005228CA /* Project object */ = {
			isa = PBXProject;
			attributes = {
				BuildIndependentTargetsInParallel = 1;
				LastSwiftUpdateCheck = 1340;
				LastUpgradeCheck = 1340;
				TargetAttributes = {
					C79840042886452A005228CA = {
						CreatedOnToolsVersion = 13.4.1;
					};
					C798401A2886452C005228CA = {
						CreatedOnToolsVersion = 13.4.1;
						TestTargetID = C79840042886452A005228CA;
					};
					C79840242886452C005228CA = {
						CreatedOnToolsVersion = 13.4.1;
						TestTargetID = C79840042886452A005228CA;
					};
				};
			};
			buildConfigurationList = C79840002886452A005228CA /* Build configuration list for PBXProject "Instruments" */;
			compatibilityVersion = "Xcode 13.0";
			developmentRegion = en;
			hasScannedForEncodings = 0;
			knownRegions = (
				en,
				Base,
			);
			mainGroup = C7983FFC2886452A005228CA;
			productRefGroup = C79840062886452A005228CA /* Products */;
			projectDirPath = "";
			projectRoot = "";
			targets = (
				C79840042886452A005228CA /* Instruments */,
				C798401A2886452C005228CA /* InstrumentsTests */,
				C79840242886452C005228CA /* InstrumentsUITests */,
			);
		};
/* End PBXProject section */

/* Begin PBXResourcesBuildPhase section */
		C79840032886452A005228CA /* Resources */ = {
			isa = PBXResourcesBuildPhase;
			buildActionMask = 2147483647;
			files = (
				C79840152886452B005228CA /* LaunchScreen.storyboard in Resources */,
				C79840122886452B005228CA /* Assets.xcassets in Resources */,
				C79840102886452A005228CA /* Main.storyboard in Resources */,
			);
			runOnlyForDeploymentPostprocessing = 0;
		};
		C79840192886452C005228CA /* Resources */ = {
			isa = PBXResourcesBuildPhase;
			buildActionMask = 2147483647;
			files = (
			);
			runOnlyForDeploymentPostprocessing = 0;
		};
		C79840232886452C005228CA /* Resources */ = {
			isa = PBXResourcesBuildPhase;
			buildActionMask = 2147483647;
			files = (
			);
			runOnlyForDeploymentPostprocessing = 0;
		};
/* End PBXResourcesBuildPhase section */

/* Begin PBXSourcesBuildPhase section */
		C79840012886452A005228CA /* Sources */ = {
			isa = PBXSourcesBuildPhase;
			buildActionMask = 2147483647;
			files = (
				C798400D2886452A005228CA /* ViewController.swift in Sources */,
				C79840092886452A005228CA /* AppDelegate.swift in Sources */,
				C798400B2886452A005228CA /* SceneDelegate.swift in Sources */,
			);
			runOnlyForDeploymentPostprocessing = 0;
		};
		C79840172886452C005228CA /* Sources */ = {
			isa = PBXSourcesBuildPhase;
			buildActionMask = 2147483647;
			files = (
				C79840202886452C005228CA /* InstrumentsTests.swift in Sources */,
			);
			runOnlyForDeploymentPostprocessing = 0;
		};
		C79840212886452C005228CA /* Sources */ = {
			isa = PBXSourcesBuildPhase;
			buildActionMask = 2147483647;
			files = (
				C798402A2886452C005228CA /* InstrumentsUITests.swift in Sources */,
				C798402C2886452C005228CA /* InstrumentsUITestsLaunchTests.swift in Sources */,
			);
			runOnlyForDeploymentPostprocessing = 0;
		};
/* End PBXSourcesBuildPhase section */

/* Begin PBXTargetDependency section */
		C798401D2886452C005228CA /* PBXTargetDependency */ = {
			isa = PBXTargetDependency;
			target = C79840042886452A005228CA /* Instruments */;
			targetProxy = C798401C2886452C005228CA /* PBXContainerItemProxy */;
		};
		C79840272886452C005228CA /* PBXTargetDependency */ = {
			isa = PBXTargetDependency;
			target = C79840042886452A005228CA /* Instruments */;
			targetProxy = C79840262886452C005228CA /* PBXContainerItemProxy */;
		};
/* End PBXTargetDependency section */

/* Begin PBXVariantGroup section */
		C798400E2886452A005228CA /* Main.storyboard */ = {
			isa = PBXVariantGroup;
			children = (
				C798400F2886452A005228CA /* Base */,
			);
			name = Main.storyboard;
			sourceTree = "<group>";
		};
		C79840132886452B005228CA /* LaunchScreen.storyboard */ = {
			isa = PBXVariantGroup;
			children = (
				C79840142886452B005228CA /* Base */,
			);
			name = LaunchScreen.storyboard;
			sourceTree = "<group>";
		};
/* End PBXVariantGroup section */

/* Begin XCBuildConfiguration section */
		C798402D2886452C005228CA /* Debug */ = {
			isa = XCBuildConfiguration;
			buildSettings = {
				ALWAYS_SEARCH_USER_PATHS = NO;
				CLANG_ANALYZER_NONNULL = YES;
				CLANG_ANALYZER_NUMBER_OBJECT_CONVERSION = YES_AGGRESSIVE;
				CLANG_CXX_LANGUAGE_STANDARD = "gnu++17";
				CLANG_ENABLE_MODULES = YES;
				CLANG_ENABLE_OBJC_ARC = YES;
				CLANG_ENABLE_OBJC_WEAK = YES;
				CLANG_WARN_BLOCK_CAPTURE_AUTORELEASING = YES;
				CLANG_WARN_BOOL_CONVERSION = YES;
				CLANG_WARN_COMMA = YES;
				CLANG_WARN_CONSTANT_CONVERSION = YES;
				CLANG_WARN_DEPRECATED_OBJC_IMPLEMENTATIONS = YES;
				CLANG_WARN_DIRECT_OBJC_ISA_USAGE = YES_ERROR;
				CLANG_WARN_DOCUMENTATION_COMMENTS = YES;
				CLANG_WARN_EMPTY_BODY = YES;
				CLANG_WARN_ENUM_CONVERSION = YES;
				CLANG_WARN_INFINITE_RECURSION = YES;
				CLANG_WARN_INT_CONVERSION = YES;
				CLANG_WARN_NON_LITERAL_NULL_CONVERSION = YES;
				CLANG_WARN_OBJC_IMPLICIT_RETAIN_SELF = YES;
				CLANG_WARN_OBJC_LITERAL_CONVERSION = YES;
				CLANG_WARN_OBJC_ROOT_CLASS = YES_ERROR;
				CLANG_WARN_QUOTED_INCLUDE_IN_FRAMEWORK_HEADER = YES;
				CLANG_WARN_RANGE_LOOP_ANALYSIS = YES;
				CLANG_WARN_STRICT_PROTOTYPES = YES;
				CLANG_WARN_SUSPICIOUS_MOVE = YES;
				CLANG_WARN_UNGUARDED_AVAILABILITY = YES_AGGRESSIVE;
				CLANG_WARN_UNREACHABLE_CODE = YES;
				CLANG_WARN__DUPLICATE_METHOD_MATCH = YES;
				COPY_PHASE_STRIP = NO;
				DEBUG_INFORMATION_FORMAT = dwarf;
				ENABLE_STRICT_OBJC_MSGSEND = YES;
				ENABLE_TESTABILITY = YES;
				GCC_C_LANGUAGE_STANDARD = gnu11;
				GCC_DYNAMIC_NO_PIC = NO;
				GCC_NO_COMMON_BLOCKS = YES;
				GCC_OPTIMIZATION_LEVEL = 0;
				GCC_PREPROCESSOR_DEFINITIONS = (
					"DEBUG=1",
					"$(inherited)",
				);
				GCC_WARN_64_TO_32_BIT_CONVERSION = YES;
				GCC_WARN_ABOUT_RETURN_TYPE = YES_ERROR;
				GCC_WARN_UNDECLARED_SELECTOR = YES;
				GCC_WARN_UNINITIALIZED_AUTOS = YES_AGGRESSIVE;
				GCC_WARN_UNUSED_FUNCTION = YES;
				GCC_WARN_UNUSED_VARIABLE = YES;
				IPHONEOS_DEPLOYMENT_TARGET = 15.5;
				MTL_ENABLE_DEBUG_INFO = INCLUDE_SOURCE;
				MTL_FAST_MATH = YES;
				ONLY_ACTIVE_ARCH = YES;
				SDKROOT = iphoneos;
				SWIFT_ACTIVE_COMPILATION_CONDITIONS = DEBUG;
				SWIFT_OPTIMIZATION_LEVEL = "-Onone";
			};
			name = Debug;
		};
		C798402E2886452C005228CA /* Release */ = {
			isa = XCBuildConfiguration;
			buildSettings = {
				ALWAYS_SEARCH_USER_PATHS = NO;
				CLANG_ANALYZER_NONNULL = YES;
				CLANG_ANALYZER_NUMBER_OBJECT_CONVERSION = YES_AGGRESSIVE;
				CLANG_CXX_LANGUAGE_STANDARD = "gnu++17";
				CLANG_ENABLE_MODULES = YES;
				CLANG_ENABLE_OBJC_ARC = YES;
				CLANG_ENABLE_OBJC_WEAK = YES;
				CLANG_WARN_BLOCK_CAPTURE_AUTORELEASING = YES;
				CLANG_WARN_BOOL_CONVERSION = YES;
				CLANG_WARN_COMMA = YES;
				CLANG_WARN_CONSTANT_CONVERSION = YES;
				CLANG_WARN_DEPRECATED_OBJC_IMPLEMENTATIONS = YES;
				CLANG_WARN_DIRECT_OBJC_ISA_USAGE = YES_ERROR;
				CLANG_WARN_DOCUMENTATION_COMMENTS = YES;
				CLANG_WARN_EMPTY_BODY = YES;
				CLANG_WARN_ENUM_CONVERSION = YES;
				CLANG_WARN_INFINITE_RECURSION = YES;
				CLANG_WARN_INT_CONVERSION = YES;
				CLANG_WARN_NON_LITERAL_NULL_CONVERSION = YES;
				CLANG_WARN_OBJC_IMPLICIT_RETAIN_SELF = YES;
				CLANG_WARN_OBJC_LITERAL_CONVERSION = YES;
				CLANG_WARN_OBJC_ROOT_CLASS = YES_ERROR;
				CLANG_WARN_QUOTED_INCLUDE_IN_FRAMEWORK_HEADER = YES;
				CLANG_WARN_RANGE_LOOP_ANALYSIS = YES;
				CLANG_WARN_STRICT_PROTOTYPES = YES;
				CLANG_WARN_SUSPICIOUS_MOVE = YES;
				CLANG_WARN_UNGUARDED_AVAILABILITY = YES_AGGRESSIVE;
				CLANG_WARN_UNREACHABLE_CODE = YES;
				CLANG_WARN__DUPLICATE_METHOD_MATCH = YES;
				COPY_PHASE_STRIP = NO;
				DEBUG_INFORMATION_FORMAT = "dwarf-with-dsym";
				ENABLE_NS_ASSERTIONS = NO;
				ENABLE_STRICT_OBJC_MSGSEND = YES;
				GCC_C_LANGUAGE_STANDARD = gnu11;
				GCC_NO_COMMON_BLOCKS = YES;
				GCC_WARN_64_TO_32_BIT_CONVERSION = YES;
				GCC_WARN_ABOUT_RETURN_TYPE = YES_ERROR;
				GCC_WARN_UNDECLARED_SELECTOR = YES;
				GCC_WARN_UNINITIALIZED_AUTOS = YES_AGGRESSIVE;
				GCC_WARN_UNUSED_FUNCTION = YES;
				GCC_WARN_UNUSED_VARIABLE = YES;
				IPHONEOS_DEPLOYMENT_TARGET = 15.5;
				MTL_ENABLE_DEBUG_INFO = NO;
				MTL_FAST_MATH = YES;
				SDKROOT = iphoneos;
				SWIFT_COMPILATION_MODE = wholemodule;
				SWIFT_OPTIMIZATION_LEVEL = "-O";
				VALIDATE_PRODUCT = YES;
			};
			name = Release;
		};
		C79840302886452C005228CA /* Debug */ = {
			isa = XCBuildConfiguration;
			buildSettings = {
				ASSETCATALOG_COMPILER_APPICON_NAME = AppIcon;
				ASSETCATALOG_COMPILER_GLOBAL_ACCENT_COLOR_NAME = AccentColor;
				CODE_SIGN_STYLE = Automatic;
				CURRENT_PROJECT_VERSION = 1;
				GENERATE_INFOPLIST_FILE = YES;
				INFOPLIST_FILE = Instruments/Info.plist;
				INFOPLIST_KEY_UIApplicationSupportsIndirectInputEvents = YES;
				INFOPLIST_KEY_UILaunchStoryboardName = LaunchScreen;
				INFOPLIST_KEY_UIMainStoryboardFile = Main;
				INFOPLIST_KEY_UISupportedInterfaceOrientations_iPad = "UIInterfaceOrientationPortrait UIInterfaceOrientationPortraitUpsideDown UIInterfaceOrientationLandscapeLeft UIInterfaceOrientationLandscapeRight";
				INFOPLIST_KEY_UISupportedInterfaceOrientations_iPhone = "UIInterfaceOrientationPortrait UIInterfaceOrientationLandscapeLeft UIInterfaceOrientationLandscapeRight";
				LD_RUNPATH_SEARCH_PATHS = (
					"$(inherited)",
					"@executable_path/Frameworks",
				);
				MARKETING_VERSION = 1.0;
				PRODUCT_BUNDLE_IDENTIFIER = br.com.exemplo.Instruments;
				PRODUCT_NAME = "$(TARGET_NAME)";
				SWIFT_EMIT_LOC_STRINGS = YES;
				SWIFT_VERSION = 5.0;
				TARGETED_DEVICE_FAMILY = "1,2";
			};
			name = Debug;
		};
		C79840312886452C005228CA /* Release */ = {
			isa = XCBuildConfiguration;
			buildSettings = {
				ASSETCATALOG_COMPILER_APPICON_NAME = AppIcon;
				ASSETCATALOG_COMPILER_GLOBAL_ACCENT_COLOR_NAME = AccentColor;
				CODE_SIGN_STYLE = Automatic;
				CURRENT_PROJECT_VERSION = 1;
				GENERATE_INFOPLIST_FILE = YES;
				INFOPLIST_FILE = Instruments/Info.plist;
				INFOPLIST_KEY_UIApplicationSupportsIndirectInputEvents = YES;
				INFOPLIST_KEY_UILaunchStoryboardName = LaunchScreen;
				INFOPLIST_KEY_UIMainStoryboardFile = Main;
				INFOPLIST_KEY_UISupportedInterfaceOrientations_iPad = "UIInterfaceOrientationPortrait UIInterfaceOrientationPortraitUpsideDown UIInterfaceOrientationLandscapeLeft UIInterfaceOrientationLandscapeRight";
				INFOPLIST_KEY_UISupportedInterfaceOrientations_iPhone = "UIInterfaceOrientationPortrait UIInterfaceOrientationLandscapeLeft UIInterfaceOrientationLandscapeRight";
				LD_RUNPATH_SEARCH_PATHS = (
					"$(inherited)",
					"@executable_path/Frameworks",
				);
				MARKETING_VERSION = 1.0;
				PRODUCT_BUNDLE_IDENTIFIER = br.com.exemplo.Instruments;
				PRODUCT_NAME = "$(TARGET_NAME)";
				SWIFT_EMIT_LOC_STRINGS = YES;
				SWIFT_VERSION = 5.0;
				TARGETED_DEVICE_FAMILY = "1,2";
			};
			name = Release;
		};
		C79840332886452C005228CA /* Debug */ = {
			isa = XCBuildConfiguration;
			buildSettings = {
				ALWAYS_EMBED_SWIFT_STANDARD_LIBRARIES = YES;
				BUNDLE_LOADER = "$(TEST_HOST)";
				CODE_SIGN_STYLE = Automatic;
				CURRENT_PROJECT_VERSION = 1;
				GENERATE_INFOPLIST_FILE = YES;
				IPHONEOS_DEPLOYMENT_TARGET = 15.5;
				MARKETING_VERSION = 1.0;
				PRODUCT_BUNDLE_IDENTIFIER = br.com.exemplo.InstrumentsTests;
				PRODUCT_NAME = "$(TARGET_NAME)";
				SWIFT_EMIT_LOC_STRINGS = NO;
				SWIFT_VERSION = 5.0;
				TARGETED_DEVICE_FAMILY = "1,2";
				TEST_HOST = "$(BUILT_PRODUCTS_DIR)/Instruments.app/Instruments";
			};
			name = Debug;
		};
		C79840342886452C005228CA /* Release */ = {
			isa = XCBuildConfiguration;
			buildSettings = {
				ALWAYS_EMBED_SWIFT_STANDARD_LIBRARIES = YES;
				BUNDLE_LOADER = "$(TEST_HOST)";
				CODE_SIGN_STYLE = Automatic;
				CURRENT_PROJECT_VERSION = 1;
				GENERATE_INFOPLIST_FILE = YES;
				IPHONEOS_DEPLOYMENT_TARGET = 15.5;
				MARKETING_VERSION = 1.0;
				PRODUCT_BUNDLE_IDENTIFIER = br.com.exemplo.InstrumentsTests;
				PRODUCT_NAME = "$(TARGET_NAME)";
				SWIFT_EMIT_LOC_STRINGS = NO;
				SWIFT_VERSION = 5.0;
				TARGETED_DEVICE_FAMILY = "1,2";
				TEST_HOST = "$(BUILT_PRODUCTS_DIR)/Instruments.app/Instruments";
			};
			name = Release;
		};
		C79840362886452C005228CA /* Debug */ = {
			isa = XCBuildConfiguration;
			buildSettings = {
				ALWAYS_EMBED_SWIFT_STANDARD_LIBRARIES = YES;
				CODE_SIGN_STYLE = Automatic;
				CURRENT_PROJECT_VERSION = 1;
				GENERATE_INFOPLIST_FILE = YES;
				MARKETING_VERSION = 1.0;
				PRODUCT_BUNDLE_IDENTIFIER = br.com.exemplo.InstrumentsUITests;
				PRODUCT_NAME = "$(TARGET_NAME)";
				SWIFT_EMIT_LOC_STRINGS = NO;
				SWIFT_VERSION = 5.0;
				TARGETED_DEVICE_FAMILY = "1,2";
				TEST_TARGET_NAME = Instruments;
			};
			name = Debug;
		};
		C79840372886452C005228CA /* Release */ = {
			isa = XCBuildConfiguration;
			buildSettings = {
				ALWAYS_EMBED_SWIFT_STANDARD_LIBRARIES = YES;
				CODE_SIGN_STYLE = Automatic;
				CURRENT_PROJECT_VERSION = 1;
				GENERATE_INFOPLIST_FILE = YES;
				MARKETING_VERSION = 1.0;
				PRODUCT_BUNDLE_IDENTIFIER = br.com.exemplo.InstrumentsUITests;
				PRODUCT_NAME = "$(TARGET_NAME)";
				SWIFT_EMIT_LOC_STRINGS = NO;
				SWIFT_VERSION = 5.0;
				TARGETED_DEVICE_FAMILY = "1,2";
				TEST_TARGET_NAME = Instruments;
			};
			name = Release;
		};
/* End XCBuildConfiguration section */

/* Begin XCConfigurationList section */
		C79840002886452A005228CA /* Build configuration list for PBXProject "Instruments" */ = {
			isa = XCConfigurationList;
			buildConfigurations = (
				C798402D2886452C005228CA /* Debug */,
				C798402E2886452C005228CA /* Release */,
			);
			defaultConfigurationIsVisible = 0;
			defaultConfigurationName = Release;
		};
		C798402F2886452C005228CA /* Build configuration list for PBXNativeTarget "Instruments" */ = {
			isa = XCConfigurationList;
			buildConfigurations = (
				C79840302886452C005228CA /* Debug */,
				C79840312886452C005228CA /* Release */,
			);
			defaultConfigurationIsVisible = 0;
			defaultConfigurationName = Release;
		};
		C79840322886452C005228CA /* Build configuration list for PBXNativeTarget "InstrumentsTests" */ = {
			isa = XCConfigurationList;
			buildConfigurations = (
				C79840332886452C005228CA /* Debug */,
				C79840342886452C005228CA /* Release */,
			);
			defaultConfigurationIsVisible = 0;
			defaultConfigurationName = Release;
		};
		C79840352886452C005228CA /* Build configuration list for PBXNativeTarget "InstrumentsUITests" */ = {
			isa = XCConfigurationList;
			buildConfigurations = (
				C79840362886452C005228CA /* Debug */,
				C79840372886452C005228CA /* Release */,
			);
			defaultConfigurationIsVisible = 0;
			defaultConfigurationName = Release;
		};
/* End XCConfigurationList section */
	};
	rootObject = C7983FFD2886452A005228CA /* Project object */;
}
